
Microsoft Visual Studio Solution File, Format Version 12.00
# Visual Studio Version 16
VisualStudioVersion = 16.0.33927.289
MinimumVisualStudioVersion = 10.0.40219.1
Project("{2150E333-8FDC-42A3-9474-1A3956D46DE8}") = "Task0", "Task0", "{E1C3C7A4-0CA4-4443-B9F4-03E338DE6014}"
EndProject
Project("{FAE04EC0-301F-11D3-BF4B-00C04F79EFBC}") = "Tyuiu.KoevaSJ.Sprint2.Task0.V7.Lib", "Tyuiu.KoevaSJ.Sprint2.Task0.V7.Lib\Tyuiu.KoevaSJ.Sprint2.Task0.V7.Lib.csproj", "{F20C3596-8E7E-43D9-8334-0573AB8FE510}"
EndProject
Project("{FAE04EC0-301F-11D3-BF4B-00C04F79EFBC}") = "Tyuiu.KoevaSJ.Sprint2.Task0.V7.Test", "Tyuiu.KoevaSJ.Sprint2.Task0.V7.Test\Tyuiu.KoevaSJ.Sprint2.Task0.V7.Test.csproj", "{A0C78B6D-1129-49EE-88C3-6EE18562B220}"
EndProject
Project("{FAE04EC0-301F-11D3-BF4B-00C04F79EFBC}") = "Tyuiu.KoevaSJ.Sprint2.Task0.V7", "Tyuiu.KoevaSJ.Sprint2.Task0.V7\Tyuiu.KoevaSJ.Sprint2.Task0.V7.csproj", "{F3D9816B-3C32-48F2-9355-83FE4A9CA8CB}"
EndProject
Project("{2150E333-8FDC-42A3-9474-1A3956D46DE8}") = "Task1", "Task1", "{032CC968-C0CA-4522-B1A5-89CBB7ED898C}"
EndProject
Project("{FAE04EC0-301F-11D3-BF4B-00C04F79EFBC}") = "Tyuiu.KoevaSJ.Sprint2.Task1.V12", "Tyuiu.KoevaSJ.Sprint2.Task1.V12\Tyuiu.KoevaSJ.Sprint2.Task1.V12.csproj", "{A64DCFAA-B07A-4888-9D73-53D07864F959}"
EndProject
Project("{FAE04EC0-301F-11D3-BF4B-00C04F79EFBC}") = "Tyuiu.KoevaSJ.Sprint2.Task1.V12.Test", "Tyuiu.KoevaSJ.Sprint2.Task1.V12.Test\Tyuiu.KoevaSJ.Sprint2.Task1.V12.Test.csproj", "{7AAAAAD2-7C37-4159-840E-77F1545F91D4}"
EndProject
Project("{FAE04EC0-301F-11D3-BF4B-00C04F79EFBC}") = "Tyuiu.KoevaSJ.Sprint2.Task1.V12.Lib", "Tyuiu.KoevaSJ.Sprint2.Task1.V12.Lib\Tyuiu.KoevaSJ.Sprint2.Task1.V12.Lib.csproj", "{B0D1A120-595E-4CE3-AEF0-624D933E7405}"
EndProject
Project("{2150E333-8FDC-42A3-9474-1A3956D46DE8}") = "Task2", "Task2", "{150A413B-DDDC-4BDA-938C-0FA415245B95}"
EndProject
Project("{FAE04EC0-301F-11D3-BF4B-00C04F79EFBC}") = "Tyuiu.KoevaSJ.Sprint2.Task2.V16", "Tyuiu.KoevaSJ.Sprint2.Task2.V16\Tyuiu.KoevaSJ.Sprint2.Task2.V16.csproj", "{CE18F710-E170-4538-82E7-BB3FBE6ED1C6}"
EndProject
Project("{FAE04EC0-301F-11D3-BF4B-00C04F79EFBC}") = "Tyuiu.KoevaSJ.Sprint2.Task2.V16.Lib", "Tyuiu.KoevaSJ.Sprint2.Task2.V16.Lib\Tyuiu.KoevaSJ.Sprint2.Task2.V16.Lib.csproj", "{9FB87CF5-64C0-419C-9BF0-9BF3963B8BDB}"
EndProject
Project("{FAE04EC0-301F-11D3-BF4B-00C04F79EFBC}") = "Tyuiu.KoevaSJ.Sprint2.Task2.V16.Test", "Tyuiu.KoevaSJ.Sprint2.Task2.V16.Test\Tyuiu.KoevaSJ.Sprint2.Task2.V16.Test.csproj", "{0AD76597-AC55-4C5B-9FA2-9FB6047769CA}"
EndProject
Project("{2150E333-8FDC-42A3-9474-1A3956D46DE8}") = "Task3", "Task3", "{4D06D7A9-C1B5-4BC1-9106-59C8ACBA2FEE}"
EndProject
Project("{FAE04EC0-301F-11D3-BF4B-00C04F79EFBC}") = "Tyuiu.KoevaSJ.Sprint2.Task3.V8", "Tyuiu.KoevaSJ.Sprint2.Task3.V8\Tyuiu.KoevaSJ.Sprint2.Task3.V8.csproj", "{AE2ACDB9-F0D7-46E9-81A8-91AB8D9DA089}"
EndProject
Project("{FAE04EC0-301F-11D3-BF4B-00C04F79EFBC}") = "Tyuiu.KoevaSJ.Sprint2.Task3.V8.Test", "Tyuiu.KoevaSJ.Sprint2.Task3.V8.Test\Tyuiu.KoevaSJ.Sprint2.Task3.V8.Test.csproj", "{9AF43B1A-B332-4BCD-BFE8-7D87F3324C5E}"
EndProject
Project("{FAE04EC0-301F-11D3-BF4B-00C04F79EFBC}") = "Tyuiu.KoevaSJ.Sprint2.Task3.V8.Lib", "Tyuiu.KoevaSJ.Sprint2.Task3.V8.Lib\Tyuiu.KoevaSJ.Sprint2.Task3.V8.Lib.csproj", "{D4EEC881-3A9B-4302-A1F5-8632EBC5977E}"
EndProject
Project("{2150E333-8FDC-42A3-9474-1A3956D46DE8}") = "Task4", "Task4", "{EBDFF2FB-7F1E-454C-9621-CC74921A29EA}"
EndProject
Project("{FAE04EC0-301F-11D3-BF4B-00C04F79EFBC}") = "Tyuiu.KoevaSJ.Sprint2.Task4.V11", "Tyuiu.KoevaSJ.Sprint2.Task4.V11\Tyuiu.KoevaSJ.Sprint2.Task4.V11.csproj", "{EF2A7271-45E5-48A9-AA17-FBC0E5538FEC}"
EndProject
Project("{FAE04EC0-301F-11D3-BF4B-00C04F79EFBC}") = "Tyuiu.KoevaSJ.Sprint2.Task4.V11.Lib", "Tyuiu.KoevaSJ.Sprint2.Task4.V11.Lib\Tyuiu.KoevaSJ.Sprint2.Task4.V11.Lib.csproj", "{CF114D19-A9C8-4712-8FFC-71D20D34ABF4}"
EndProject
Project("{FAE04EC0-301F-11D3-BF4B-00C04F79EFBC}") = "Tyuiu.KoevaSJ.Sprint2.Task4.V11.Test", "Tyuiu.KoevaSJ.Sprint2.Task4.V11.Test\Tyuiu.KoevaSJ.Sprint2.Task4.V11.Test.csproj", "{E7BD7EF0-E7AA-484F-AAF7-24067B415E9A}"
EndProject
Project("{2150E333-8FDC-42A3-9474-1A3956D46DE8}") = "Task5", "Task5", "{EB359EDE-2F13-4742-89C2-3F6FCD74E1CF}"
EndProject
Project("{FAE04EC0-301F-11D3-BF4B-00C04F79EFBC}") = "Tyuiu.KoevaSJ.Sprint2.Task5.V1", "Tyuiu.KoevaSJ.Sprint2.Task5.V1\Tyuiu.KoevaSJ.Sprint2.Task5.V1.csproj", "{667270AA-13BC-4B81-970B-706658BA0392}"
EndProject
Project("{FAE04EC0-301F-11D3-BF4B-00C04F79EFBC}") = "Tyuiu.KoevaSJ.Sprint2.Task5.V1.Test", "Tyuiu.KoevaSJ.Sprint2.Task5.V1.Test\Tyuiu.KoevaSJ.Sprint2.Task5.V1.Test.csproj", "{EBC37221-AC03-49E3-9D6D-AA7CF142B31C}"
EndProject
Project("{FAE04EC0-301F-11D3-BF4B-00C04F79EFBC}") = "Tyuiu.KoevaSJ.Sprint2.Task5.V1.Lib", "Tyuiu.KoevaSJ.Sprint2.Task5.V1.Lib\Tyuiu.KoevaSJ.Sprint2.Task5.V1.Lib.csproj", "{9D17E376-2D85-4DA5-A63B-0D9D1AEBA6CE}"
EndProject
Global
	GlobalSection(SolutionConfigurationPlatforms) = preSolution
		Debug|Any CPU = Debug|Any CPU
		Release|Any CPU = Release|Any CPU
	EndGlobalSection
	GlobalSection(ProjectConfigurationPlatforms) = postSolution
		{F20C3596-8E7E-43D9-8334-0573AB8FE510}.Debug|Any CPU.ActiveCfg = Debug|Any CPU
		{F20C3596-8E7E-43D9-8334-0573AB8FE510}.Debug|Any CPU.Build.0 = Debug|Any CPU
		{F20C3596-8E7E-43D9-8334-0573AB8FE510}.Release|Any CPU.ActiveCfg = Release|Any CPU
		{F20C3596-8E7E-43D9-8334-0573AB8FE510}.Release|Any CPU.Build.0 = Release|Any CPU
		{A0C78B6D-1129-49EE-88C3-6EE18562B220}.Debug|Any CPU.ActiveCfg = Debug|Any CPU
		{A0C78B6D-1129-49EE-88C3-6EE18562B220}.Debug|Any CPU.Build.0 = Debug|Any CPU
		{A0C78B6D-1129-49EE-88C3-6EE18562B220}.Release|Any CPU.ActiveCfg = Release|Any CPU
		{A0C78B6D-1129-49EE-88C3-6EE18562B220}.Release|Any CPU.Build.0 = Release|Any CPU
		{F3D9816B-3C32-48F2-9355-83FE4A9CA8CB}.Debug|Any CPU.ActiveCfg = Debug|Any CPU
		{F3D9816B-3C32-48F2-9355-83FE4A9CA8CB}.Debug|Any CPU.Build.0 = Debug|Any CPU
		{F3D9816B-3C32-48F2-9355-83FE4A9CA8CB}.Release|Any CPU.ActiveCfg = Release|Any CPU
		{F3D9816B-3C32-48F2-9355-83FE4A9CA8CB}.Release|Any CPU.Build.0 = Release|Any CPU
		{A64DCFAA-B07A-4888-9D73-53D07864F959}.Debug|Any CPU.ActiveCfg = Debug|Any CPU
		{A64DCFAA-B07A-4888-9D73-53D07864F959}.Debug|Any CPU.Build.0 = Debug|Any CPU
		{A64DCFAA-B07A-4888-9D73-53D07864F959}.Release|Any CPU.ActiveCfg = Release|Any CPU
		{A64DCFAA-B07A-4888-9D73-53D07864F959}.Release|Any CPU.Build.0 = Release|Any CPU
		{7AAAAAD2-7C37-4159-840E-77F1545F91D4}.Debug|Any CPU.ActiveCfg = Debug|Any CPU
		{7AAAAAD2-7C37-4159-840E-77F1545F91D4}.Debug|Any CPU.Build.0 = Debug|Any CPU
		{7AAAAAD2-7C37-4159-840E-77F1545F91D4}.Release|Any CPU.ActiveCfg = Release|Any CPU
		{7AAAAAD2-7C37-4159-840E-77F1545F91D4}.Release|Any CPU.Build.0 = Release|Any CPU
		{B0D1A120-595E-4CE3-AEF0-624D933E7405}.Debug|Any CPU.ActiveCfg = Debug|Any CPU
		{B0D1A120-595E-4CE3-AEF0-624D933E7405}.Debug|Any CPU.Build.0 = Debug|Any CPU
		{B0D1A120-595E-4CE3-AEF0-624D933E7405}.Release|Any CPU.ActiveCfg = Release|Any CPU
		{B0D1A120-595E-4CE3-AEF0-624D933E7405}.Release|Any CPU.Build.0 = Release|Any CPU
		{CE18F710-E170-4538-82E7-BB3FBE6ED1C6}.Debug|Any CPU.ActiveCfg = Debug|Any CPU
		{CE18F710-E170-4538-82E7-BB3FBE6ED1C6}.Debug|Any CPU.Build.0 = Debug|Any CPU
		{CE18F710-E170-4538-82E7-BB3FBE6ED1C6}.Release|Any CPU.ActiveCfg = Release|Any CPU
		{CE18F710-E170-4538-82E7-BB3FBE6ED1C6}.Release|Any CPU.Build.0 = Release|Any CPU
		{9FB87CF5-64C0-419C-9BF0-9BF3963B8BDB}.Debug|Any CPU.ActiveCfg = Debug|Any CPU
		{9FB87CF5-64C0-419C-9BF0-9BF3963B8BDB}.Debug|Any CPU.Build.0 = Debug|Any CPU
		{9FB87CF5-64C0-419C-9BF0-9BF3963B8BDB}.Release|Any CPU.ActiveCfg = Release|Any CPU
		{9FB87CF5-64C0-419C-9BF0-9BF3963B8BDB}.Release|Any CPU.Build.0 = Release|Any CPU
		{0AD76597-AC55-4C5B-9FA2-9FB6047769CA}.Debug|Any CPU.ActiveCfg = Debug|Any CPU
		{0AD76597-AC55-4C5B-9FA2-9FB6047769CA}.Debug|Any CPU.Build.0 = Debug|Any CPU
		{0AD76597-AC55-4C5B-9FA2-9FB6047769CA}.Release|Any CPU.ActiveCfg = Release|Any CPU
		{0AD76597-AC55-4C5B-9FA2-9FB6047769CA}.Release|Any CPU.Build.0 = Release|Any CPU
		{AE2ACDB9-F0D7-46E9-81A8-91AB8D9DA089}.Debug|Any CPU.ActiveCfg = Debug|Any CPU
		{AE2ACDB9-F0D7-46E9-81A8-91AB8D9DA089}.Debug|Any CPU.Build.0 = Debug|Any CPU
		{AE2ACDB9-F0D7-46E9-81A8-91AB8D9DA089}.Release|Any CPU.ActiveCfg = Release|Any CPU
		{AE2ACDB9-F0D7-46E9-81A8-91AB8D9DA089}.Release|Any CPU.Build.0 = Release|Any CPU
		{9AF43B1A-B332-4BCD-BFE8-7D87F3324C5E}.Debug|Any CPU.ActiveCfg = Debug|Any CPU
		{9AF43B1A-B332-4BCD-BFE8-7D87F3324C5E}.Debug|Any CPU.Build.0 = Debug|Any CPU
		{9AF43B1A-B332-4BCD-BFE8-7D87F3324C5E}.Release|Any CPU.ActiveCfg = Release|Any CPU
		{9AF43B1A-B332-4BCD-BFE8-7D87F3324C5E}.Release|Any CPU.Build.0 = Release|Any CPU
		{D4EEC881-3A9B-4302-A1F5-8632EBC5977E}.Debug|Any CPU.ActiveCfg = Debug|Any CPU
		{D4EEC881-3A9B-4302-A1F5-8632EBC5977E}.Debug|Any CPU.Build.0 = Debug|Any CPU
		{D4EEC881-3A9B-4302-A1F5-8632EBC5977E}.Release|Any CPU.ActiveCfg = Release|Any CPU
		{D4EEC881-3A9B-4302-A1F5-8632EBC5977E}.Release|Any CPU.Build.0 = Release|Any CPU
		{EF2A7271-45E5-48A9-AA17-FBC0E5538FEC}.Debug|Any CPU.ActiveCfg = Debug|Any CPU
		{EF2A7271-45E5-48A9-AA17-FBC0E5538FEC}.Debug|Any CPU.Build.0 = Debug|Any CPU
		{EF2A7271-45E5-48A9-AA17-FBC0E5538FEC}.Release|Any CPU.ActiveCfg = Release|Any CPU
		{EF2A7271-45E5-48A9-AA17-FBC0E5538FEC}.Release|Any CPU.Build.0 = Release|Any CPU
		{CF114D19-A9C8-4712-8FFC-71D20D34ABF4}.Debug|Any CPU.ActiveCfg = Debug|Any CPU
		{CF114D19-A9C8-4712-8FFC-71D20D34ABF4}.Debug|Any CPU.Build.0 = Debug|Any CPU
		{CF114D19-A9C8-4712-8FFC-71D20D34ABF4}.Release|Any CPU.ActiveCfg = Release|Any CPU
		{CF114D19-A9C8-4712-8FFC-71D20D34ABF4}.Release|Any CPU.Build.0 = Release|Any CPU
		{E7BD7EF0-E7AA-484F-AAF7-24067B415E9A}.Debug|Any CPU.ActiveCfg = Debug|Any CPU
		{E7BD7EF0-E7AA-484F-AAF7-24067B415E9A}.Debug|Any CPU.Build.0 = Debug|Any CPU
		{E7BD7EF0-E7AA-484F-AAF7-24067B415E9A}.Release|Any CPU.ActiveCfg = Release|Any CPU
		{E7BD7EF0-E7AA-484F-AAF7-24067B415E9A}.Release|Any CPU.Build.0 = Release|Any CPU
		{667270AA-13BC-4B81-970B-706658BA0392}.Debug|Any CPU.ActiveCfg = Debug|Any CPU
		{667270AA-13BC-4B81-970B-706658BA0392}.Debug|Any CPU.Build.0 = Debug|Any CPU
		{667270AA-13BC-4B81-970B-706658BA0392}.Release|Any CPU.ActiveCfg = Release|Any CPU
		{667270AA-13BC-4B81-970B-706658BA0392}.Release|Any CPU.Build.0 = Release|Any CPU
		{EBC37221-AC03-49E3-9D6D-AA7CF142B31C}.Debug|Any CPU.ActiveCfg = Debug|Any CPU
		{EBC37221-AC03-49E3-9D6D-AA7CF142B31C}.Debug|Any CPU.Build.0 = Debug|Any CPU
		{EBC37221-AC03-49E3-9D6D-AA7CF142B31C}.Release|Any CPU.ActiveCfg = Release|Any CPU
		{EBC37221-AC03-49E3-9D6D-AA7CF142B31C}.Release|Any CPU.Build.0 = Release|Any CPU
		{9D17E376-2D85-4DA5-A63B-0D9D1AEBA6CE}.Debug|Any CPU.ActiveCfg = Debug|Any CPU
		{9D17E376-2D85-4DA5-A63B-0D9D1AEBA6CE}.Debug|Any CPU.Build.0 = Debug|Any CPU
		{9D17E376-2D85-4DA5-A63B-0D9D1AEBA6CE}.Release|Any CPU.ActiveCfg = Release|Any CPU
		{9D17E376-2D85-4DA5-A63B-0D9D1AEBA6CE}.Release|Any CPU.Build.0 = Release|Any CPU
	EndGlobalSection
	GlobalSection(SolutionProperties) = preSolution
		HideSolutionNode = FALSE
	EndGlobalSection
	GlobalSection(NestedProjects) = preSolution
		{F20C3596-8E7E-43D9-8334-0573AB8FE510} = {E1C3C7A4-0CA4-4443-B9F4-03E338DE6014}
		{A0C78B6D-1129-49EE-88C3-6EE18562B220} = {E1C3C7A4-0CA4-4443-B9F4-03E338DE6014}
		{F3D9816B-3C32-48F2-9355-83FE4A9CA8CB} = {E1C3C7A4-0CA4-4443-B9F4-03E338DE6014}
		{A64DCFAA-B07A-4888-9D73-53D07864F959} = {032CC968-C0CA-4522-B1A5-89CBB7ED898C}
		{7AAAAAD2-7C37-4159-840E-77F1545F91D4} = {032CC968-C0CA-4522-B1A5-89CBB7ED898C}
		{B0D1A120-595E-4CE3-AEF0-624D933E7405} = {032CC968-C0CA-4522-B1A5-89CBB7ED898C}
		{CE18F710-E170-4538-82E7-BB3FBE6ED1C6} = {150A413B-DDDC-4BDA-938C-0FA415245B95}
		{9FB87CF5-64C0-419C-9BF0-9BF3963B8BDB} = {150A413B-DDDC-4BDA-938C-0FA415245B95}
		{0AD76597-AC55-4C5B-9FA2-9FB6047769CA} = {150A413B-DDDC-4BDA-938C-0FA415245B95}
		{AE2ACDB9-F0D7-46E9-81A8-91AB8D9DA089} = {4D06D7A9-C1B5-4BC1-9106-59C8ACBA2FEE}
		{9AF43B1A-B332-4BCD-BFE8-7D87F3324C5E} = {4D06D7A9-C1B5-4BC1-9106-59C8ACBA2FEE}
		{D4EEC881-3A9B-4302-A1F5-8632EBC5977E} = {4D06D7A9-C1B5-4BC1-9106-59C8ACBA2FEE}
		{EF2A7271-45E5-48A9-AA17-FBC0E5538FEC} = {EBDFF2FB-7F1E-454C-9621-CC74921A29EA}
		{CF114D19-A9C8-4712-8FFC-71D20D34ABF4} = {EBDFF2FB-7F1E-454C-9621-CC74921A29EA}
		{E7BD7EF0-E7AA-484F-AAF7-24067B415E9A} = {EBDFF2FB-7F1E-454C-9621-CC74921A29EA}
		{667270AA-13BC-4B81-970B-706658BA0392} = {EB359EDE-2F13-4742-89C2-3F6FCD74E1CF}
		{EBC37221-AC03-49E3-9D6D-AA7CF142B31C} = {EB359EDE-2F13-4742-89C2-3F6FCD74E1CF}
		{9D17E376-2D85-4DA5-A63B-0D9D1AEBA6CE} = {EB359EDE-2F13-4742-89C2-3F6FCD74E1CF}
	EndGlobalSection
	GlobalSection(ExtensibilityGlobals) = postSolution
		SolutionGuid = {9387ECEC-D737-4141-A76E-BC7725E98859}
	EndGlobalSection
EndGlobal
